// !$*UTF8*$!
{
	archiveVersion = 1;
	classes = {
	};
	objectVersion = 46;
	objects = {

/* Begin PBXBuildFile section */
		B76FE3811D758F3C008886D0 /* AppDelegate.swift in Sources */ = {isa = PBXBuildFile; fileRef = B76FE3801D758F3C008886D0 /* AppDelegate.swift */; };
		B76FE3831D758F3C008886D0 /* ViewController.swift in Sources */ = {isa = PBXBuildFile; fileRef = B76FE3821D758F3C008886D0 /* ViewController.swift */; };
		B76FE3861D758F3C008886D0 /* Main.storyboard in Resources */ = {isa = PBXBuildFile; fileRef = B76FE3841D758F3C008886D0 /* Main.storyboard */; };
		B76FE3891D758F3C008886D0 /* context_aware_reminder.xcdatamodeld in Sources */ = {isa = PBXBuildFile; fileRef = B76FE3871D758F3C008886D0 /* context_aware_reminder.xcdatamodeld */; };
		B76FE38B1D758F3C008886D0 /* Assets.xcassets in Resources */ = {isa = PBXBuildFile; fileRef = B76FE38A1D758F3C008886D0 /* Assets.xcassets */; };
		B76FE38E1D758F3C008886D0 /* LaunchScreen.storyboard in Resources */ = {isa = PBXBuildFile; fileRef = B76FE38C1D758F3C008886D0 /* LaunchScreen.storyboard */; };
/* End PBXBuildFile section */

/* Begin PBXFileReference section */
		B76FE37D1D758F3C008886D0 /* context-aware-reminder.app */ = {isa = PBXFileReference; explicitFileType = wrapper.application; includeInIndex = 0; path = "context-aware-reminder.app"; sourceTree = BUILT_PRODUCTS_DIR; };
		B76FE3801D758F3C008886D0 /* AppDelegate.swift */ = {isa = PBXFileReference; lastKnownFileType = sourcecode.swift; path = AppDelegate.swift; sourceTree = "<group>"; };
		B76FE3821D758F3C008886D0 /* ViewController.swift */ = {isa = PBXFileReference; lastKnownFileType = sourcecode.swift; path = ViewController.swift; sourceTree = "<group>"; };
		B76FE3851D758F3C008886D0 /* Base */ = {isa = PBXFileReference; lastKnownFileType = file.storyboard; name = Base; path = Base.lproj/Main.storyboard; sourceTree = "<group>"; };
		B76FE3881D758F3C008886D0 /* context_aware_reminder.xcdatamodel */ = {isa = PBXFileReference; lastKnownFileType = wrapper.xcdatamodel; path = context_aware_reminder.xcdatamodel; sourceTree = "<group>"; };
		B76FE38A1D758F3C008886D0 /* Assets.xcassets */ = {isa = PBXFileReference; lastKnownFileType = folder.assetcatalog; path = Assets.xcassets; sourceTree = "<group>"; };
		B76FE38D1D758F3C008886D0 /* Base */ = {isa = PBXFileReference; lastKnownFileType = file.storyboard; name = Base; path = Base.lproj/LaunchScreen.storyboard; sourceTree = "<group>"; };
		B76FE38F1D758F3C008886D0 /* Info.plist */ = {isa = PBXFileReference; lastKnownFileType = text.plist.xml; path = Info.plist; sourceTree = "<group>"; };
/* End PBXFileReference section */

/* Begin PBXFrameworksBuildPhase section */
		B76FE37A1D758F3C008886D0 /* Frameworks */ = {
			isa = PBXFrameworksBuildPhase;
			buildActionMask = 2147483647;
			files = (
			);
			runOnlyForDeploymentPostprocessing = 0;
		};
/* End PBXFrameworksBuildPhase section */

/* Begin PBXGroup section */
		B76FE3741D758F3C008886D0 = {
			isa = PBXGroup;
			children = (
				B76FE37F1D758F3C008886D0 /* context-aware-reminder */,
				B76FE37E1D758F3C008886D0 /* Products */,
			);
			sourceTree = "<group>";
		};
		B76FE37E1D758F3C008886D0 /* Products */ = {
			isa = PBXGroup;
			children = (
				B76FE37D1D758F3C008886D0 /* context-aware-reminder.app */,
			);
			name = Products;
			sourceTree = "<group>";
		};
		B76FE37F1D758F3C008886D0 /* context-aware-reminder */ = {
			isa = PBXGroup;
			children = (
				B76FE3801D758F3C008886D0 /* AppDelegate.swift */,
				B76FE3821D758F3C008886D0 /* ViewController.swift */,
				B76FE3841D758F3C008886D0 /* Main.storyboard */,
				B76FE38A1D758F3C008886D0 /* Assets.xcassets */,
				B76FE38C1D758F3C008886D0 /* LaunchScreen.storyboard */,
				B76FE38F1D758F3C008886D0 /* Info.plist */,
				B76FE3871D758F3C008886D0 /* context_aware_reminder.xcdatamodeld */,
			);
			path = "context-aware-reminder";
			sourceTree = "<group>";
		};
/* End PBXGroup section */

/* Begin PBXNativeTarget section */
		B76FE37C1D758F3C008886D0 /* context-aware-reminder */ = {
			isa = PBXNativeTarget;
			buildConfigurationList = B76FE3921D758F3C008886D0 /* Build configuration list for PBXNativeTarget "context-aware-reminder" */;
			buildPhases = (
				B76FE3791D758F3C008886D0 /* Sources */,
				B76FE37A1D758F3C008886D0 /* Frameworks */,
				B76FE37B1D758F3C008886D0 /* Resources */,
			);
			buildRules = (
			);
			dependencies = (
			);
			name = "context-aware-reminder";
			productName = "context-aware-reminder";
			productReference = B76FE37D1D758F3C008886D0 /* context-aware-reminder.app */;
			productType = "com.apple.product-type.application";
		};
/* End PBXNativeTarget section */

/* Begin PBXProject section */
		B76FE3751D758F3C008886D0 /* Project object */ = {
			isa = PBXProject;
			attributes = {
				LastSwiftUpdateCheck = 0730;
				LastUpgradeCheck = 0730;
				ORGANIZATIONNAME = "Zaeem Siddiq";
				TargetAttributes = {
					B76FE37C1D758F3C008886D0 = {
						CreatedOnToolsVersion = 7.3.1;
					};
				};
			};
			buildConfigurationList = B76FE3781D758F3C008886D0 /* Build configuration list for PBXProject "context-aware-reminder" */;
			compatibilityVersion = "Xcode 3.2";
			developmentRegion = English;
			hasScannedForEncodings = 0;
			knownRegions = (
				en,
				Base,
			);
			mainGroup = B76FE3741D758F3C008886D0;
			productRefGroup = B76FE37E1D758F3C008886D0 /* Products */;
			projectDirPath = "";
			projectRoot = "";
			targets = (
				B76FE37C1D758F3C008886D0 /* context-aware-reminder */,
			);
		};
/* End PBXProject section */

/* Begin PBXResourcesBuildPhase section */
		B76FE37B1D758F3C008886D0 /* Resources */ = {
			isa = PBXResourcesBuildPhase;
			buildActionMask = 2147483647;
			files = (
				B76FE38E1D758F3C008886D0 /* LaunchScreen.storyboard in Resources */,
				B76FE38B1D758F3C008886D0 /* Assets.xcassets in Resources */,
				B76FE3861D758F3C008886D0 /* Main.storyboard in Resources */,
			);
			runOnlyForDeploymentPostprocessing = 0;
		};
/* End PBXResourcesBuildPhase section */

/* Begin PBXSourcesBuildPhase section */
		B76FE3791D758F3C008886D0 /* Sources */ = {
			isa = PBXSourcesBuildPhase;
			buildActionMask = 2147483647;
			files = (
				B76FE3831D758F3C008886D0 /* ViewController.swift in Sources */,
				B76FE3811D758F3C008886D0 /* AppDelegate.swift in Sources */,
				B76FE3891D758F3C008886D0 /* context_aware_reminder.xcdatamodeld in Sources */,
			);
			runOnlyForDeploymentPostprocessing = 0;
		};
/* End PBXSourcesBuildPhase section */

/* Begin PBXVariantGroup section */
		B76FE3841D758F3C008886D0 /* Main.storyboard */ = {
			isa = PBXVariantGroup;
			children = (
				B76FE3851D758F3C008886D0 /* Base */,
			);
			name = Main.storyboard;
			sourceTree = "<group>";
		};
		B76FE38C1D758F3C008886D0 /* LaunchScreen.storyboard */ = {
			isa = PBXVariantGroup;
			children = (
				B76FE38D1D758F3C008886D0 /* Base */,
			);
			name = LaunchScreen.storyboard;
			sourceTree = "<group>";
		};
/* End PBXVariantGroup section */

/* Begin XCBuildConfiguration section */
		B76FE3901D758F3C008886D0 /* Debug */ = {
			isa = XCBuildConfiguration;
			buildSettings = {
				ALWAYS_SEARCH_USER_PATHS = NO;
				CLANG_ANALYZER_NONNULL = YES;
				CLANG_CXX_LANGUAGE_STANDARD = "gnu++0x";
				CLANG_CXX_LIBRARY = "libc++";
				CLANG_ENABLE_MODULES = YES;
				CLANG_ENABLE_OBJC_ARC = YES;
				CLANG_WARN_BOOL_CONVERSION = YES;
				CLANG_WARN_CONSTANT_CONVERSION = YES;
				CLANG_WARN_DIRECT_OBJC_ISA_USAGE = YES_ERROR;
				CLANG_WARN_EMPTY_BODY = YES;
				CLANG_WARN_ENUM_CONVERSION = YES;
				CLANG_WARN_INT_CONVERSION = YES;
				CLANG_WARN_OBJC_ROOT_CLASS = YES_ERROR;
				CLANG_WARN_UNREACHABLE_CODE = YES;
				CLANG_WARN__DUPLICATE_METHOD_MATCH = YES;
				"CODE_SIGN_IDENTITY[sdk=iphoneos*]" = "iPhone Developer";
				COPY_PHASE_STRIP = NO;
				DEBUG_INFORMATION_FORMAT = dwarf;
				ENABLE_STRICT_OBJC_MSGSEND = YES;
				ENABLE_TESTABILITY = YES;
				GCC_C_LANGUAGE_STANDARD = gnu99;
				GCC_DYNAMIC_NO_PIC = NO;
				GCC_NO_COMMON_BLOCKS = YES;
				GCC_OPTIMIZATION_LEVEL = 0;
				GCC_PREPROCESSOR_DEFINITIONS = (
					"DEBUG=1",
					"$(inherited)",
				);
				GCC_WARN_64_TO_32_BIT_CONVERSION = YES;
				GCC_WARN_ABOUT_RETURN_TYPE = YES_ERROR;
				GCC_WARN_UNDECLARED_SELECTOR = YES;
				GCC_WARN_UNINITIALIZED_AUTOS = YES_AGGRESSIVE;
				GCC_WARN_UNUSED_FUNCTION = YES;
				GCC_WARN_UNUSED_VARIABLE = YES;
				IPHONEOS_DEPLOYMENT_TARGET = 9.3;
				MTL_ENABLE_DEBUG_INFO = YES;
				ONLY_ACTIVE_ARCH = YES;
				SDKROOT = iphoneos;
				SWIFT_OPTIMIZATION_LEVEL = "-Onone";
				TARGETED_DEVICE_FAMILY = "1,2";
			};
			name = Debug;
		};
		B76FE3911D758F3C008886D0 /* Release */ = {
			isa = XCBuildConfiguration;
			buildSettings = {
				ALWAYS_SEARCH_USER_PATHS = NO;
				CLANG_ANALYZER_NONNULL = YES;
				CLANG_CXX_LANGUAGE_STANDARD = "gnu++0x";
				CLANG_CXX_LIBRARY = "libc++";
				CLANG_ENABLE_MODULES = YES;
				CLANG_ENABLE_OBJC_ARC = YES;
				CLANG_WARN_BOOL_CONVERSION = YES;
				CLANG_WARN_CONSTANT_CONVERSION = YES;
				CLANG_WARN_DIRECT_OBJC_ISA_USAGE = YES_ERROR;
				CLANG_WARN_EMPTY_BODY = YES;
				CLANG_WARN_ENUM_CONVERSION = YES;
				CLANG_WARN_INT_CONVERSION = YES;
				CLANG_WARN_OBJC_ROOT_CLASS = YES_ERROR;
				CLANG_WARN_UNREACHABLE_CODE = YES;
				CLANG_WARN__DUPLICATE_METHOD_MATCH = YES;
				"CODE_SIGN_IDENTITY[sdk=iphoneos*]" = "iPhone Developer";
				COPY_PHASE_STRIP = NO;
				DEBUG_INFORMATION_FORMAT = "dwarf-with-dsym";
				ENABLE_NS_ASSERTIONS = NO;
				ENABLE_STRICT_OBJC_MSGSEND = YES;
				GCC_C_LANGUAGE_STANDARD = gnu99;
				GCC_NO_COMMON_BLOCKS = YES;
				GCC_WARN_64_TO_32_BIT_CONVERSION = YES;
				GCC_WARN_ABOUT_RETURN_TYPE = YES_ERROR;
				GCC_WARN_UNDECLARED_SELECTOR = YES;
				GCC_WARN_UNINITIALIZED_AUTOS = YES_AGGRESSIVE;
				GCC_WARN_UNUSED_FUNCTION = YES;
				GCC_WARN_UNUSED_VARIABLE = YES;
				IPHONEOS_DEPLOYMENT_TARGET = 9.3;
				MTL_ENABLE_DEBUG_INFO = NO;
				SDKROOT = iphoneos;
				TARGETED_DEVICE_FAMILY = "1,2";
				VALIDATE_PRODUCT = YES;
			};
			name = Release;
		};
		B76FE3931D758F3C008886D0 /* Debug */ = {
			isa = XCBuildConfiguration;
			buildSettings = {
				ASSETCATALOG_COMPILER_APPICON_NAME = AppIcon;
				INFOPLIST_FILE = "context-aware-reminder/Info.plist";
				LD_RUNPATH_SEARCH_PATHS = "$(inherited) @executable_path/Frameworks";
				PRODUCT_BUNDLE_IDENTIFIER = "au.org.context-aware-reminder";
				PRODUCT_NAME = "$(TARGET_NAME)";
			};
			name = Debug;
		};
		B76FE3941D758F3C008886D0 /* Release */ = {
			isa = XCBuildConfiguration;
			buildSettings = {
				ASSETCATALOG_COMPILER_APPICON_NAME = AppIcon;
				INFOPLIST_FILE = "context-aware-reminder/Info.plist";
				LD_RUNPATH_SEARCH_PATHS = "$(inherited) @executable_path/Frameworks";
				PRODUCT_BUNDLE_IDENTIFIER = "au.org.context-aware-reminder";
				PRODUCT_NAME = "$(TARGET_NAME)";
			};
			name = Release;
		};
/* End XCBuildConfiguration section */

/* Begin XCConfigurationList section */
		B76FE3781D758F3C008886D0 /* Build configuration list for PBXProject "context-aware-reminder" */ = {
			isa = XCConfigurationList;
			buildConfigurations = (
				B76FE3901D758F3C008886D0 /* Debug */,
				B76FE3911D758F3C008886D0 /* Release */,
			);
			defaultConfigurationIsVisible = 0;
			defaultConfigurationName = Release;
		};
		B76FE3921D758F3C008886D0 /* Build configuration list for PBXNativeTarget "context-aware-reminder" */ = {
			isa = XCConfigurationList;
			buildConfigurations = (
				B76FE3931D758F3C008886D0 /* Debug */,
				B76FE3941D758F3C008886D0 /* Release */,
			);
			defaultConfigurationIsVisible = 0;
		};
/* End XCConfigurationList section */

/* Begin XCVersionGroup section */
		B76FE3871D758F3C008886D0 /* context_aware_reminder.xcdatamodeld */ = {
			isa = XCVersionGroup;
			children = (
				B76FE3881D758F3C008886D0 /* context_aware_reminder.xcdatamodel */,
			);
			currentVersion = B76FE3881D758F3C008886D0 /* context_aware_reminder.xcdatamodel */;
			path = context_aware_reminder.xcdatamodeld;
			sourceTree = "<group>";
			versionGroupType = wrapper.xcdatamodel;
		};
/* End XCVersionGroup section */
	};
	rootObject = B76FE3751D758F3C008886D0 /* Project object */;
}
